// !$*UTF8*$!
{
	archiveVersion = 1;
	classes = {
	};
	objectVersion = 51;
	objects = {

/* Begin PBXBuildFile section */
		4E02398D2308C765002EFFE4 /* QRcode.PNG in Resources */ = {isa = PBXBuildFile; fileRef = 4E02398C2308C764002EFFE4 /* QRcode.PNG */; };
		4E02398F2308C76A002EFFE4 /* background.gif in Resources */ = {isa = PBXBuildFile; fileRef = 4E02398E2308C76A002EFFE4 /* background.gif */; };
		4E26CB872307D9E10044C2DF /* AppDelegate.swift in Sources */ = {isa = PBXBuildFile; fileRef = 4E26CB862307D9E10044C2DF /* AppDelegate.swift */; };
		4E26CB892307D9E10044C2DF /* ViewController.swift in Sources */ = {isa = PBXBuildFile; fileRef = 4E26CB882307D9E10044C2DF /* ViewController.swift */; };
		4E26CB8C2307D9E10044C2DF /* Main.storyboard in Resources */ = {isa = PBXBuildFile; fileRef = 4E26CB8A2307D9E10044C2DF /* Main.storyboard */; };
		4E26CB8E2307D9E20044C2DF /* Assets.xcassets in Resources */ = {isa = PBXBuildFile; fileRef = 4E26CB8D2307D9E20044C2DF /* Assets.xcassets */; };
		4E26CB912307D9E20044C2DF /* LaunchScreen.storyboard in Resources */ = {isa = PBXBuildFile; fileRef = 4E26CB8F2307D9E20044C2DF /* LaunchScreen.storyboard */; };
		4E26CB9C2307D9E20044C2DF /* MuniMobileTests.swift in Sources */ = {isa = PBXBuildFile; fileRef = 4E26CB9B2307D9E20044C2DF /* MuniMobileTests.swift */; };
		4E26CBA72307D9E20044C2DF /* MuniMobileUITests.swift in Sources */ = {isa = PBXBuildFile; fileRef = 4E26CBA62307D9E20044C2DF /* MuniMobileUITests.swift */; };
		6EE19E1C71AFD94F5764ADC1 /* Pods_MuniMobileUITests.framework in Frameworks */ = {isa = PBXBuildFile; fileRef = 18D22D3F3F652EFC56C6701C /* Pods_MuniMobileUITests.framework */; };
		C6AEA9F82A905844392BAD02 /* Pods_MuniMobile.framework in Frameworks */ = {isa = PBXBuildFile; fileRef = E8A3A76B4155E163E0BB524B /* Pods_MuniMobile.framework */; };
		CD78C7A51B5EEF79CB0E7F7D /* Pods_MuniMobileTests.framework in Frameworks */ = {isa = PBXBuildFile; fileRef = 16B065DEAD43EC1D2FCD9CBD /* Pods_MuniMobileTests.framework */; };
/* End PBXBuildFile section */

/* Begin PBXContainerItemProxy section */
		4E26CB982307D9E20044C2DF /* PBXContainerItemProxy */ = {
			isa = PBXContainerItemProxy;
			containerPortal = 4E26CB7B2307D9E10044C2DF /* Project object */;
			proxyType = 1;
			remoteGlobalIDString = 4E26CB822307D9E10044C2DF;
			remoteInfo = MuniMobile;
		};
		4E26CBA32307D9E20044C2DF /* PBXContainerItemProxy */ = {
			isa = PBXContainerItemProxy;
			containerPortal = 4E26CB7B2307D9E10044C2DF /* Project object */;
			proxyType = 1;
			remoteGlobalIDString = 4E26CB822307D9E10044C2DF;
			remoteInfo = MuniMobile;
		};
/* End PBXContainerItemProxy section */

/* Begin PBXFileReference section */
		10DD19BEFC510424CA5C9708 /* Pods-MuniMobile.debug.xcconfig */ = {isa = PBXFileReference; includeInIndex = 1; lastKnownFileType = text.xcconfig; name = "Pods-MuniMobile.debug.xcconfig"; path = "Target Support Files/Pods-MuniMobile/Pods-MuniMobile.debug.xcconfig"; sourceTree = "<group>"; };
		16B065DEAD43EC1D2FCD9CBD /* Pods_MuniMobileTests.framework */ = {isa = PBXFileReference; explicitFileType = wrapper.framework; includeInIndex = 0; path = Pods_MuniMobileTests.framework; sourceTree = BUILT_PRODUCTS_DIR; };
		18D22D3F3F652EFC56C6701C /* Pods_MuniMobileUITests.framework */ = {isa = PBXFileReference; explicitFileType = wrapper.framework; includeInIndex = 0; path = Pods_MuniMobileUITests.framework; sourceTree = BUILT_PRODUCTS_DIR; };
		3597289F820EB4E4B7938D29 /* Pods-MuniMobileUITests.release.xcconfig */ = {isa = PBXFileReference; includeInIndex = 1; lastKnownFileType = text.xcconfig; name = "Pods-MuniMobileUITests.release.xcconfig"; path = "Target Support Files/Pods-MuniMobileUITests/Pods-MuniMobileUITests.release.xcconfig"; sourceTree = "<group>"; };
		4177A20DDF82743225A28E3D /* Pods-MuniMobileUITests.debug.xcconfig */ = {isa = PBXFileReference; includeInIndex = 1; lastKnownFileType = text.xcconfig; name = "Pods-MuniMobileUITests.debug.xcconfig"; path = "Target Support Files/Pods-MuniMobileUITests/Pods-MuniMobileUITests.debug.xcconfig"; sourceTree = "<group>"; };
		4E02398C2308C764002EFFE4 /* QRcode.PNG */ = {isa = PBXFileReference; lastKnownFileType = image.png; name = QRcode.PNG; path = IMG/QRcode.PNG; sourceTree = "<group>"; };
		4E02398E2308C76A002EFFE4 /* background.gif */ = {isa = PBXFileReference; lastKnownFileType = image.gif; name = background.gif; path = IMG/background.gif; sourceTree = "<group>"; };
		4E26CB832307D9E10044C2DF /* MuniMobile.app */ = {isa = PBXFileReference; explicitFileType = wrapper.application; includeInIndex = 0; path = MuniMobile.app; sourceTree = BUILT_PRODUCTS_DIR; };
		4E26CB862307D9E10044C2DF /* AppDelegate.swift */ = {isa = PBXFileReference; lastKnownFileType = sourcecode.swift; path = AppDelegate.swift; sourceTree = "<group>"; };
		4E26CB882307D9E10044C2DF /* ViewController.swift */ = {isa = PBXFileReference; lastKnownFileType = sourcecode.swift; path = ViewController.swift; sourceTree = "<group>"; };
		4E26CB8B2307D9E10044C2DF /* Base */ = {isa = PBXFileReference; lastKnownFileType = file.storyboard; name = Base; path = Base.lproj/Main.storyboard; sourceTree = "<group>"; };
		4E26CB8D2307D9E20044C2DF /* Assets.xcassets */ = {isa = PBXFileReference; lastKnownFileType = folder.assetcatalog; path = Assets.xcassets; sourceTree = "<group>"; };
		4E26CB902307D9E20044C2DF /* Base */ = {isa = PBXFileReference; lastKnownFileType = file.storyboard; name = Base; path = Base.lproj/LaunchScreen.storyboard; sourceTree = "<group>"; };
		4E26CB922307D9E20044C2DF /* Info.plist */ = {isa = PBXFileReference; lastKnownFileType = text.plist.xml; path = Info.plist; sourceTree = "<group>"; };
		4E26CB972307D9E20044C2DF /* MuniMobileTests.xctest */ = {isa = PBXFileReference; explicitFileType = wrapper.cfbundle; includeInIndex = 0; path = MuniMobileTests.xctest; sourceTree = BUILT_PRODUCTS_DIR; };
		4E26CB9B2307D9E20044C2DF /* MuniMobileTests.swift */ = {isa = PBXFileReference; lastKnownFileType = sourcecode.swift; path = MuniMobileTests.swift; sourceTree = "<group>"; };
		4E26CB9D2307D9E20044C2DF /* Info.plist */ = {isa = PBXFileReference; lastKnownFileType = text.plist.xml; path = Info.plist; sourceTree = "<group>"; };
		4E26CBA22307D9E20044C2DF /* MuniMobileUITests.xctest */ = {isa = PBXFileReference; explicitFileType = wrapper.cfbundle; includeInIndex = 0; path = MuniMobileUITests.xctest; sourceTree = BUILT_PRODUCTS_DIR; };
		4E26CBA62307D9E20044C2DF /* MuniMobileUITests.swift */ = {isa = PBXFileReference; lastKnownFileType = sourcecode.swift; path = MuniMobileUITests.swift; sourceTree = "<group>"; };
		4E26CBA82307D9E20044C2DF /* Info.plist */ = {isa = PBXFileReference; lastKnownFileType = text.plist.xml; path = Info.plist; sourceTree = "<group>"; };
		609127EF0FA3DF0B392DF78C /* Pods-MuniMobile.release.xcconfig */ = {isa = PBXFileReference; includeInIndex = 1; lastKnownFileType = text.xcconfig; name = "Pods-MuniMobile.release.xcconfig"; path = "Target Support Files/Pods-MuniMobile/Pods-MuniMobile.release.xcconfig"; sourceTree = "<group>"; };
		73508134602742667AF470B8 /* Pods-MuniMobileTests.release.xcconfig */ = {isa = PBXFileReference; includeInIndex = 1; lastKnownFileType = text.xcconfig; name = "Pods-MuniMobileTests.release.xcconfig"; path = "Target Support Files/Pods-MuniMobileTests/Pods-MuniMobileTests.release.xcconfig"; sourceTree = "<group>"; };
		BEA95F0DAE15827F913F5ABE /* Pods-MuniMobileTests.debug.xcconfig */ = {isa = PBXFileReference; includeInIndex = 1; lastKnownFileType = text.xcconfig; name = "Pods-MuniMobileTests.debug.xcconfig"; path = "Target Support Files/Pods-MuniMobileTests/Pods-MuniMobileTests.debug.xcconfig"; sourceTree = "<group>"; };
		E8A3A76B4155E163E0BB524B /* Pods_MuniMobile.framework */ = {isa = PBXFileReference; explicitFileType = wrapper.framework; includeInIndex = 0; path = Pods_MuniMobile.framework; sourceTree = BUILT_PRODUCTS_DIR; };
/* End PBXFileReference section */

/* Begin PBXFrameworksBuildPhase section */
		4E26CB802307D9E10044C2DF /* Frameworks */ = {
			isa = PBXFrameworksBuildPhase;
			buildActionMask = 2147483647;
			files = (
				C6AEA9F82A905844392BAD02 /* Pods_MuniMobile.framework in Frameworks */,
			);
			runOnlyForDeploymentPostprocessing = 0;
		};
		4E26CB942307D9E20044C2DF /* Frameworks */ = {
			isa = PBXFrameworksBuildPhase;
			buildActionMask = 2147483647;
			files = (
				CD78C7A51B5EEF79CB0E7F7D /* Pods_MuniMobileTests.framework in Frameworks */,
			);
			runOnlyForDeploymentPostprocessing = 0;
		};
		4E26CB9F2307D9E20044C2DF /* Frameworks */ = {
			isa = PBXFrameworksBuildPhase;
			buildActionMask = 2147483647;
			files = (
				6EE19E1C71AFD94F5764ADC1 /* Pods_MuniMobileUITests.framework in Frameworks */,
			);
			runOnlyForDeploymentPostprocessing = 0;
		};
/* End PBXFrameworksBuildPhase section */

/* Begin PBXGroup section */
		0B6ED8C8B816CC62BAF8B539 /* Frameworks */ = {
			isa = PBXGroup;
			children = (
				E8A3A76B4155E163E0BB524B /* Pods_MuniMobile.framework */,
				16B065DEAD43EC1D2FCD9CBD /* Pods_MuniMobileTests.framework */,
				18D22D3F3F652EFC56C6701C /* Pods_MuniMobileUITests.framework */,
			);
			name = Frameworks;
			sourceTree = "<group>";
		};
		4E26CB7A2307D9E10044C2DF = {
			isa = PBXGroup;
			children = (
				4E26CB852307D9E10044C2DF /* MuniMobile */,
				4E26CB9A2307D9E20044C2DF /* MuniMobileTests */,
				4E26CBA52307D9E20044C2DF /* MuniMobileUITests */,
				4E26CB842307D9E10044C2DF /* Products */,
				E96B2947BF914AEAA0865FDD /* Pods */,
				0B6ED8C8B816CC62BAF8B539 /* Frameworks */,
			);
			sourceTree = "<group>";
		};
		4E26CB842307D9E10044C2DF /* Products */ = {
			isa = PBXGroup;
			children = (
				4E26CB832307D9E10044C2DF /* MuniMobile.app */,
				4E26CB972307D9E20044C2DF /* MuniMobileTests.xctest */,
				4E26CBA22307D9E20044C2DF /* MuniMobileUITests.xctest */,
			);
			name = Products;
			sourceTree = "<group>";
		};
		4E26CB852307D9E10044C2DF /* MuniMobile */ = {
			isa = PBXGroup;
			children = (
				4E26CB862307D9E10044C2DF /* AppDelegate.swift */,
				4E26CB882307D9E10044C2DF /* ViewController.swift */,
				4E26CB8A2307D9E10044C2DF /* Main.storyboard */,
				4E26CB8D2307D9E20044C2DF /* Assets.xcassets */,
				4E02398C2308C764002EFFE4 /* QRcode.PNG */,
				4E02398E2308C76A002EFFE4 /* background.gif */,
				4E26CB8F2307D9E20044C2DF /* LaunchScreen.storyboard */,
				4E26CB922307D9E20044C2DF /* Info.plist */,
			);
			path = MuniMobile;
			sourceTree = "<group>";
		};
		4E26CB9A2307D9E20044C2DF /* MuniMobileTests */ = {
			isa = PBXGroup;
			children = (
				4E26CB9B2307D9E20044C2DF /* MuniMobileTests.swift */,
				4E26CB9D2307D9E20044C2DF /* Info.plist */,
			);
			path = MuniMobileTests;
			sourceTree = "<group>";
		};
		4E26CBA52307D9E20044C2DF /* MuniMobileUITests */ = {
			isa = PBXGroup;
			children = (
				4E26CBA62307D9E20044C2DF /* MuniMobileUITests.swift */,
				4E26CBA82307D9E20044C2DF /* Info.plist */,
			);
			path = MuniMobileUITests;
			sourceTree = "<group>";
		};
		E96B2947BF914AEAA0865FDD /* Pods */ = {
			isa = PBXGroup;
			children = (
				10DD19BEFC510424CA5C9708 /* Pods-MuniMobile.debug.xcconfig */,
				609127EF0FA3DF0B392DF78C /* Pods-MuniMobile.release.xcconfig */,
				BEA95F0DAE15827F913F5ABE /* Pods-MuniMobileTests.debug.xcconfig */,
				73508134602742667AF470B8 /* Pods-MuniMobileTests.release.xcconfig */,
				4177A20DDF82743225A28E3D /* Pods-MuniMobileUITests.debug.xcconfig */,
				3597289F820EB4E4B7938D29 /* Pods-MuniMobileUITests.release.xcconfig */,
			);
			path = Pods;
			sourceTree = "<group>";
		};
/* End PBXGroup section */

/* Begin PBXNativeTarget section */
		4E26CB822307D9E10044C2DF /* MuniMobile */ = {
			isa = PBXNativeTarget;
			buildConfigurationList = 4E26CBAB2307D9E20044C2DF /* Build configuration list for PBXNativeTarget "MuniMobile" */;
			buildPhases = (
				861EB9350F3AA0373189D0F1 /* [CP] Check Pods Manifest.lock */,
				4E26CB7F2307D9E10044C2DF /* Sources */,
				4E26CB802307D9E10044C2DF /* Frameworks */,
				4E26CB812307D9E10044C2DF /* Resources */,
				AC3556D77FECC2F86B420949 /* [CP] Embed Pods Frameworks */,
			);
			buildRules = (
			);
			dependencies = (
			);
			name = MuniMobile;
			productName = MuniMobile;
			productReference = 4E26CB832307D9E10044C2DF /* MuniMobile.app */;
			productType = "com.apple.product-type.application";
		};
		4E26CB962307D9E20044C2DF /* MuniMobileTests */ = {
			isa = PBXNativeTarget;
			buildConfigurationList = 4E26CBAE2307D9E20044C2DF /* Build configuration list for PBXNativeTarget "MuniMobileTests" */;
			buildPhases = (
				D51C417E36A57A6044FB6589 /* [CP] Check Pods Manifest.lock */,
				4E26CB932307D9E20044C2DF /* Sources */,
				4E26CB942307D9E20044C2DF /* Frameworks */,
				4E26CB952307D9E20044C2DF /* Resources */,
			);
			buildRules = (
			);
			dependencies = (
				4E26CB992307D9E20044C2DF /* PBXTargetDependency */,
			);
			name = MuniMobileTests;
			productName = MuniMobileTests;
			productReference = 4E26CB972307D9E20044C2DF /* MuniMobileTests.xctest */;
			productType = "com.apple.product-type.bundle.unit-test";
		};
		4E26CBA12307D9E20044C2DF /* MuniMobileUITests */ = {
			isa = PBXNativeTarget;
			buildConfigurationList = 4E26CBB12307D9E20044C2DF /* Build configuration list for PBXNativeTarget "MuniMobileUITests" */;
			buildPhases = (
				958B137DAC7B5D5F6603E711 /* [CP] Check Pods Manifest.lock */,
				4E26CB9E2307D9E20044C2DF /* Sources */,
				4E26CB9F2307D9E20044C2DF /* Frameworks */,
				4E26CBA02307D9E20044C2DF /* Resources */,
			);
			buildRules = (
			);
			dependencies = (
				4E26CBA42307D9E20044C2DF /* PBXTargetDependency */,
			);
			name = MuniMobileUITests;
			productName = MuniMobileUITests;
			productReference = 4E26CBA22307D9E20044C2DF /* MuniMobileUITests.xctest */;
			productType = "com.apple.product-type.bundle.ui-testing";
		};
/* End PBXNativeTarget section */

/* Begin PBXProject section */
		4E26CB7B2307D9E10044C2DF /* Project object */ = {
			isa = PBXProject;
			attributes = {
				LastSwiftUpdateCheck = 1030;
				LastUpgradeCheck = 1030;
				ORGANIZATIONNAME = "Jangey Lu";
				TargetAttributes = {
					4E26CB822307D9E10044C2DF = {
						CreatedOnToolsVersion = 10.3;
					};
					4E26CB962307D9E20044C2DF = {
						CreatedOnToolsVersion = 10.3;
						TestTargetID = 4E26CB822307D9E10044C2DF;
					};
					4E26CBA12307D9E20044C2DF = {
						CreatedOnToolsVersion = 10.3;
						TestTargetID = 4E26CB822307D9E10044C2DF;
					};
				};
			};
			buildConfigurationList = 4E26CB7E2307D9E10044C2DF /* Build configuration list for PBXProject "MuniMobile" */;
			compatibilityVersion = "Xcode 9.3";
			developmentRegion = en;
			hasScannedForEncodings = 0;
			knownRegions = (
				en,
				Base,
			);
			mainGroup = 4E26CB7A2307D9E10044C2DF;
			productRefGroup = 4E26CB842307D9E10044C2DF /* Products */;
			projectDirPath = "";
			projectRoot = "";
			targets = (
				4E26CB822307D9E10044C2DF /* MuniMobile */,
				4E26CB962307D9E20044C2DF /* MuniMobileTests */,
				4E26CBA12307D9E20044C2DF /* MuniMobileUITests */,
			);
		};
/* End PBXProject section */

/* Begin PBXResourcesBuildPhase section */
		4E26CB812307D9E10044C2DF /* Resources */ = {
			isa = PBXResourcesBuildPhase;
			buildActionMask = 2147483647;
			files = (
				4E26CB912307D9E20044C2DF /* LaunchScreen.storyboard in Resources */,
				4E02398F2308C76A002EFFE4 /* background.gif in Resources */,
				4E26CB8E2307D9E20044C2DF /* Assets.xcassets in Resources */,
				4E26CB8C2307D9E10044C2DF /* Main.storyboard in Resources */,
				4E02398D2308C765002EFFE4 /* QRcode.PNG in Resources */,
			);
			runOnlyForDeploymentPostprocessing = 0;
		};
		4E26CB952307D9E20044C2DF /* Resources */ = {
			isa = PBXResourcesBuildPhase;
			buildActionMask = 2147483647;
			files = (
			);
			runOnlyForDeploymentPostprocessing = 0;
		};
		4E26CBA02307D9E20044C2DF /* Resources */ = {
			isa = PBXResourcesBuildPhase;
			buildActionMask = 2147483647;
			files = (
			);
			runOnlyForDeploymentPostprocessing = 0;
		};
/* End PBXResourcesBuildPhase section */

/* Begin PBXShellScriptBuildPhase section */
		861EB9350F3AA0373189D0F1 /* [CP] Check Pods Manifest.lock */ = {
			isa = PBXShellScriptBuildPhase;
			buildActionMask = 2147483647;
			files = (
			);
			inputFileListPaths = (
			);
			inputPaths = (
				"${PODS_PODFILE_DIR_PATH}/Podfile.lock",
				"${PODS_ROOT}/Manifest.lock",
			);
			name = "[CP] Check Pods Manifest.lock";
			outputFileListPaths = (
			);
			outputPaths = (
				"$(DERIVED_FILE_DIR)/Pods-MuniMobile-checkManifestLockResult.txt",
			);
			runOnlyForDeploymentPostprocessing = 0;
			shellPath = /bin/sh;
			shellScript = "diff \"${PODS_PODFILE_DIR_PATH}/Podfile.lock\" \"${PODS_ROOT}/Manifest.lock\" > /dev/null\nif [ $? != 0 ] ; then\n    # print error to STDERR\n    echo \"error: The sandbox is not in sync with the Podfile.lock. Run 'pod install' or update your CocoaPods installation.\" >&2\n    exit 1\nfi\n# This output is used by Xcode 'outputs' to avoid re-running this script phase.\necho \"SUCCESS\" > \"${SCRIPT_OUTPUT_FILE_0}\"\n";
			showEnvVarsInLog = 0;
		};
		958B137DAC7B5D5F6603E711 /* [CP] Check Pods Manifest.lock */ = {
			isa = PBXShellScriptBuildPhase;
			buildActionMask = 2147483647;
			files = (
			);
			inputFileListPaths = (
			);
			inputPaths = (
				"${PODS_PODFILE_DIR_PATH}/Podfile.lock",
				"${PODS_ROOT}/Manifest.lock",
			);
			name = "[CP] Check Pods Manifest.lock";
			outputFileListPaths = (
			);
			outputPaths = (
				"$(DERIVED_FILE_DIR)/Pods-MuniMobileUITests-checkManifestLockResult.txt",
			);
			runOnlyForDeploymentPostprocessing = 0;
			shellPath = /bin/sh;
			shellScript = "diff \"${PODS_PODFILE_DIR_PATH}/Podfile.lock\" \"${PODS_ROOT}/Manifest.lock\" > /dev/null\nif [ $? != 0 ] ; then\n    # print error to STDERR\n    echo \"error: The sandbox is not in sync with the Podfile.lock. Run 'pod install' or update your CocoaPods installation.\" >&2\n    exit 1\nfi\n# This output is used by Xcode 'outputs' to avoid re-running this script phase.\necho \"SUCCESS\" > \"${SCRIPT_OUTPUT_FILE_0}\"\n";
			showEnvVarsInLog = 0;
		};
		AC3556D77FECC2F86B420949 /* [CP] Embed Pods Frameworks */ = {
			isa = PBXShellScriptBuildPhase;
			buildActionMask = 2147483647;
			files = (
			);
			inputFileListPaths = (
				"${PODS_ROOT}/Target Support Files/Pods-MuniMobile/Pods-MuniMobile-frameworks-${CONFIGURATION}-input-files.xcfilelist",
			);
			name = "[CP] Embed Pods Frameworks";
			outputFileListPaths = (
				"${PODS_ROOT}/Target Support Files/Pods-MuniMobile/Pods-MuniMobile-frameworks-${CONFIGURATION}-output-files.xcfilelist",
			);
			runOnlyForDeploymentPostprocessing = 0;
			shellPath = /bin/sh;
			shellScript = "\"${PODS_ROOT}/Target Support Files/Pods-MuniMobile/Pods-MuniMobile-frameworks.sh\"\n";
			showEnvVarsInLog = 0;
		};
		D51C417E36A57A6044FB6589 /* [CP] Check Pods Manifest.lock */ = {
			isa = PBXShellScriptBuildPhase;
			buildActionMask = 2147483647;
			files = (
			);
			inputFileListPaths = (
			);
			inputPaths = (
				"${PODS_PODFILE_DIR_PATH}/Podfile.lock",
				"${PODS_ROOT}/Manifest.lock",
			);
			name = "[CP] Check Pods Manifest.lock";
			outputFileListPaths = (
			);
			outputPaths = (
				"$(DERIVED_FILE_DIR)/Pods-MuniMobileTests-checkManifestLockResult.txt",
			);
			runOnlyForDeploymentPostprocessing = 0;
			shellPath = /bin/sh;
			shellScript = "diff \"${PODS_PODFILE_DIR_PATH}/Podfile.lock\" \"${PODS_ROOT}/Manifest.lock\" > /dev/null\nif [ $? != 0 ] ; then\n    # print error to STDERR\n    echo \"error: The sandbox is not in sync with the Podfile.lock. Run 'pod install' or update your CocoaPods installation.\" >&2\n    exit 1\nfi\n# This output is used by Xcode 'outputs' to avoid re-running this script phase.\necho \"SUCCESS\" > \"${SCRIPT_OUTPUT_FILE_0}\"\n";
			showEnvVarsInLog = 0;
		};
/* End PBXShellScriptBuildPhase section */

/* Begin PBXSourcesBuildPhase section */
		4E26CB7F2307D9E10044C2DF /* Sources */ = {
			isa = PBXSourcesBuildPhase;
			buildActionMask = 2147483647;
			files = (
				4E26CB892307D9E10044C2DF /* ViewController.swift in Sources */,
				4E26CB872307D9E10044C2DF /* AppDelegate.swift in Sources */,
			);
			runOnlyForDeploymentPostprocessing = 0;
		};
		4E26CB932307D9E20044C2DF /* Sources */ = {
			isa = PBXSourcesBuildPhase;
			buildActionMask = 2147483647;
			files = (
				4E26CB9C2307D9E20044C2DF /* MuniMobileTests.swift in Sources */,
			);
			runOnlyForDeploymentPostprocessing = 0;
		};
		4E26CB9E2307D9E20044C2DF /* Sources */ = {
			isa = PBXSourcesBuildPhase;
			buildActionMask = 2147483647;
			files = (
				4E26CBA72307D9E20044C2DF /* MuniMobileUITests.swift in Sources */,
			);
			runOnlyForDeploymentPostprocessing = 0;
		};
/* End PBXSourcesBuildPhase section */

/* Begin PBXTargetDependency section */
		4E26CB992307D9E20044C2DF /* PBXTargetDependency */ = {
			isa = PBXTargetDependency;
			target = 4E26CB822307D9E10044C2DF /* MuniMobile */;
			targetProxy = 4E26CB982307D9E20044C2DF /* PBXContainerItemProxy */;
		};
		4E26CBA42307D9E20044C2DF /* PBXTargetDependency */ = {
			isa = PBXTargetDependency;
			target = 4E26CB822307D9E10044C2DF /* MuniMobile */;
			targetProxy = 4E26CBA32307D9E20044C2DF /* PBXContainerItemProxy */;
		};
/* End PBXTargetDependency section */

/* Begin PBXVariantGroup section */
		4E26CB8A2307D9E10044C2DF /* Main.storyboard */ = {
			isa = PBXVariantGroup;
			children = (
				4E26CB8B2307D9E10044C2DF /* Base */,
			);
			name = Main.storyboard;
			sourceTree = "<group>";
		};
		4E26CB8F2307D9E20044C2DF /* LaunchScreen.storyboard */ = {
			isa = PBXVariantGroup;
			children = (
				4E26CB902307D9E20044C2DF /* Base */,
			);
			name = LaunchScreen.storyboard;
			sourceTree = "<group>";
		};
/* End PBXVariantGroup section */

/* Begin XCBuildConfiguration section */
		4E26CBA92307D9E20044C2DF /* Debug */ = {
			isa = XCBuildConfiguration;
			buildSettings = {
				ALWAYS_SEARCH_USER_PATHS = NO;
				CLANG_ANALYZER_NONNULL = YES;
				CLANG_ANALYZER_NUMBER_OBJECT_CONVERSION = YES_AGGRESSIVE;
				CLANG_CXX_LANGUAGE_STANDARD = "gnu++14";
				CLANG_CXX_LIBRARY = "libc++";
				CLANG_ENABLE_MODULES = YES;
				CLANG_ENABLE_OBJC_ARC = YES;
				CLANG_ENABLE_OBJC_WEAK = YES;
				CLANG_WARN_BLOCK_CAPTURE_AUTORELEASING = YES;
				CLANG_WARN_BOOL_CONVERSION = YES;
				CLANG_WARN_COMMA = YES;
				CLANG_WARN_CONSTANT_CONVERSION = YES;
				CLANG_WARN_DEPRECATED_OBJC_IMPLEMENTATIONS = YES;
				CLANG_WARN_DIRECT_OBJC_ISA_USAGE = YES_ERROR;
				CLANG_WARN_DOCUMENTATION_COMMENTS = YES;
				CLANG_WARN_EMPTY_BODY = YES;
				CLANG_WARN_ENUM_CONVERSION = YES;
				CLANG_WARN_INFINITE_RECURSION = YES;
				CLANG_WARN_INT_CONVERSION = YES;
				CLANG_WARN_NON_LITERAL_NULL_CONVERSION = YES;
				CLANG_WARN_OBJC_IMPLICIT_RETAIN_SELF = YES;
				CLANG_WARN_OBJC_LITERAL_CONVERSION = YES;
				CLANG_WARN_OBJC_ROOT_CLASS = YES_ERROR;
				CLANG_WARN_RANGE_LOOP_ANALYSIS = YES;
				CLANG_WARN_STRICT_PROTOTYPES = YES;
				CLANG_WARN_SUSPICIOUS_MOVE = YES;
				CLANG_WARN_UNGUARDED_AVAILABILITY = YES_AGGRESSIVE;
				CLANG_WARN_UNREACHABLE_CODE = YES;
				CLANG_WARN__DUPLICATE_METHOD_MATCH = YES;
				CODE_SIGN_IDENTITY = "iPhone Developer";
				COPY_PHASE_STRIP = NO;
				DEBUG_INFORMATION_FORMAT = dwarf;
				ENABLE_STRICT_OBJC_MSGSEND = YES;
				ENABLE_TESTABILITY = YES;
				GCC_C_LANGUAGE_STANDARD = gnu11;
				GCC_DYNAMIC_NO_PIC = NO;
				GCC_NO_COMMON_BLOCKS = YES;
				GCC_OPTIMIZATION_LEVEL = 0;
				GCC_PREPROCESSOR_DEFINITIONS = (
					"DEBUG=1",
					"$(inherited)",
				);
				GCC_WARN_64_TO_32_BIT_CONVERSION = YES;
				GCC_WARN_ABOUT_RETURN_TYPE = YES_ERROR;
				GCC_WARN_UNDECLARED_SELECTOR = YES;
				GCC_WARN_UNINITIALIZED_AUTOS = YES_AGGRESSIVE;
				GCC_WARN_UNUSED_FUNCTION = YES;
				GCC_WARN_UNUSED_VARIABLE = YES;
				IPHONEOS_DEPLOYMENT_TARGET = 12.4;
				MTL_ENABLE_DEBUG_INFO = INCLUDE_SOURCE;
				MTL_FAST_MATH = YES;
				ONLY_ACTIVE_ARCH = YES;
				SDKROOT = iphoneos;
				SWIFT_ACTIVE_COMPILATION_CONDITIONS = DEBUG;
				SWIFT_OPTIMIZATION_LEVEL = "-Onone";
			};
			name = Debug;
		};
		4E26CBAA2307D9E20044C2DF /* Release */ = {
			isa = XCBuildConfiguration;
			buildSettings = {
				ALWAYS_SEARCH_USER_PATHS = NO;
				CLANG_ANALYZER_NONNULL = YES;
				CLANG_ANALYZER_NUMBER_OBJECT_CONVERSION = YES_AGGRESSIVE;
				CLANG_CXX_LANGUAGE_STANDARD = "gnu++14";
				CLANG_CXX_LIBRARY = "libc++";
				CLANG_ENABLE_MODULES = YES;
				CLANG_ENABLE_OBJC_ARC = YES;
				CLANG_ENABLE_OBJC_WEAK = YES;
				CLANG_WARN_BLOCK_CAPTURE_AUTORELEASING = YES;
				CLANG_WARN_BOOL_CONVERSION = YES;
				CLANG_WARN_COMMA = YES;
				CLANG_WARN_CONSTANT_CONVERSION = YES;
				CLANG_WARN_DEPRECATED_OBJC_IMPLEMENTATIONS = YES;
				CLANG_WARN_DIRECT_OBJC_ISA_USAGE = YES_ERROR;
				CLANG_WARN_DOCUMENTATION_COMMENTS = YES;
				CLANG_WARN_EMPTY_BODY = YES;
				CLANG_WARN_ENUM_CONVERSION = YES;
				CLANG_WARN_INFINITE_RECURSION = YES;
				CLANG_WARN_INT_CONVERSION = YES;
				CLANG_WARN_NON_LITERAL_NULL_CONVERSION = YES;
				CLANG_WARN_OBJC_IMPLICIT_RETAIN_SELF = YES;
				CLANG_WARN_OBJC_LITERAL_CONVERSION = YES;
				CLANG_WARN_OBJC_ROOT_CLASS = YES_ERROR;
				CLANG_WARN_RANGE_LOOP_ANALYSIS = YES;
				CLANG_WARN_STRICT_PROTOTYPES = YES;
				CLANG_WARN_SUSPICIOUS_MOVE = YES;
				CLANG_WARN_UNGUARDED_AVAILABILITY = YES_AGGRESSIVE;
				CLANG_WARN_UNREACHABLE_CODE = YES;
				CLANG_WARN__DUPLICATE_METHOD_MATCH = YES;
				CODE_SIGN_IDENTITY = "iPhone Developer";
				COPY_PHASE_STRIP = NO;
				DEBUG_INFORMATION_FORMAT = "dwarf-with-dsym";
				ENABLE_NS_ASSERTIONS = NO;
				ENABLE_STRICT_OBJC_MSGSEND = YES;
				GCC_C_LANGUAGE_STANDARD = gnu11;
				GCC_NO_COMMON_BLOCKS = YES;
				GCC_WARN_64_TO_32_BIT_CONVERSION = YES;
				GCC_WARN_ABOUT_RETURN_TYPE = YES_ERROR;
				GCC_WARN_UNDECLARED_SELECTOR = YES;
				GCC_WARN_UNINITIALIZED_AUTOS = YES_AGGRESSIVE;
				GCC_WARN_UNUSED_FUNCTION = YES;
				GCC_WARN_UNUSED_VARIABLE = YES;
				IPHONEOS_DEPLOYMENT_TARGET = 12.4;
				MTL_ENABLE_DEBUG_INFO = NO;
				MTL_FAST_MATH = YES;
				SDKROOT = iphoneos;
				SWIFT_COMPILATION_MODE = wholemodule;
				SWIFT_OPTIMIZATION_LEVEL = "-O";
				VALIDATE_PRODUCT = YES;
			};
			name = Release;
		};
		4E26CBAC2307D9E20044C2DF /* Debug */ = {
			isa = XCBuildConfiguration;
			baseConfigurationReference = 10DD19BEFC510424CA5C9708 /* Pods-MuniMobile.debug.xcconfig */;
			buildSettings = {
				ASSETCATALOG_COMPILER_APPICON_NAME = AppIcon;
				CODE_SIGN_STYLE = Automatic;
				DEVELOPMENT_TEAM = 338UY5D39R;
				INFOPLIST_FILE = MuniMobile/Info.plist;
				LD_RUNPATH_SEARCH_PATHS = (
					"$(inherited)",
					"@executable_path/Frameworks",
				);
				PRODUCT_BUNDLE_IDENTIFIER = Jangey.MuniMobile;
				PRODUCT_NAME = "$(TARGET_NAME)";
				SWIFT_VERSION = 5.0;
				TARGETED_DEVICE_FAMILY = "1,2";
			};
			name = Debug;
		};
		4E26CBAD2307D9E20044C2DF /* Release */ = {
			isa = XCBuildConfiguration;
			baseConfigurationReference = 609127EF0FA3DF0B392DF78C /* Pods-MuniMobile.release.xcconfig */;
			buildSettings = {
				ASSETCATALOG_COMPILER_APPICON_NAME = AppIcon;
				CODE_SIGN_STYLE = Automatic;
				DEVELOPMENT_TEAM = 338UY5D39R;
				INFOPLIST_FILE = MuniMobile/Info.plist;
				LD_RUNPATH_SEARCH_PATHS = (
					"$(inherited)",
					"@executable_path/Frameworks",
				);
				PRODUCT_BUNDLE_IDENTIFIER = Jangey.MuniMobile;
				PRODUCT_NAME = "$(TARGET_NAME)";
				SWIFT_VERSION = 5.0;
				TARGETED_DEVICE_FAMILY = "1,2";
			};
			name = Release;
		};
		4E26CBAF2307D9E20044C2DF /* Debug */ = {
			isa = XCBuildConfiguration;
			baseConfigurationReference = BEA95F0DAE15827F913F5ABE /* Pods-MuniMobileTests.debug.xcconfig */;
			buildSettings = {
				ALWAYS_EMBED_SWIFT_STANDARD_LIBRARIES = YES;
				BUNDLE_LOADER = "$(TEST_HOST)";
				CODE_SIGN_STYLE = Automatic;
				INFOPLIST_FILE = MuniMobileTests/Info.plist;
				LD_RUNPATH_SEARCH_PATHS = (
					"$(inherited)",
					"@executable_path/Frameworks",
					"@loader_path/Frameworks",
				);
				PRODUCT_BUNDLE_IDENTIFIER = Jangey.MuniMobileTests;
				PRODUCT_NAME = "$(TARGET_NAME)";
				SWIFT_VERSION = 5.0;
				TARGETED_DEVICE_FAMILY = "1,2";
				TEST_HOST = "$(BUILT_PRODUCTS_DIR)/MuniMobile.app/MuniMobile";
			};
			name = Debug;
		};
		4E26CBB02307D9E20044C2DF /* Release */ = {
			isa = XCBuildConfiguration;
			baseConfigurationReference = 73508134602742667AF470B8 /* Pods-MuniMobileTests.release.xcconfig */;
			buildSettings = {
				ALWAYS_EMBED_SWIFT_STANDARD_LIBRARIES = YES;
				BUNDLE_LOADER = "$(TEST_HOST)";
				CODE_SIGN_STYLE = Automatic;
				INFOPLIST_FILE = MuniMobileTests/Info.plist;
				LD_RUNPATH_SEARCH_PATHS = (
					"$(inherited)",
					"@executable_path/Frameworks",
					"@loader_path/Frameworks",
				);
				PRODUCT_BUNDLE_IDENTIFIER = Jangey.MuniMobileTests;
				PRODUCT_NAME = "$(TARGET_NAME)";
				SWIFT_VERSION = 5.0;
				TARGETED_DEVICE_FAMILY = "1,2";
				TEST_HOST = "$(BUILT_PRODUCTS_DIR)/MuniMobile.app/MuniMobile";
			};
			name = Release;
		};
		4E26CBB22307D9E20044C2DF /* Debug */ = {
			isa = XCBuildConfiguration;
			baseConfigurationReference = 4177A20DDF82743225A28E3D /* Pods-MuniMobileUITests.debug.xcconfig */;
			buildSettings = {
				ALWAYS_EMBED_SWIFT_STANDARD_LIBRARIES = YES;
				CODE_SIGN_STYLE = Automatic;
				INFOPLIST_FILE = MuniMobileUITests/Info.plist;
				LD_RUNPATH_SEARCH_PATHS = (
					"$(inherited)",
					"@executable_path/Frameworks",
					"@loader_path/Frameworks",
				);
				PRODUCT_BUNDLE_IDENTIFIER = Jangey.MuniMobileUITests;
				PRODUCT_NAME = "$(TARGET_NAME)";
				SWIFT_VERSION = 5.0;
				TARGETED_DEVICE_FAMILY = "1,2";
				TEST_TARGET_NAME = MuniMobile;
			};
			name = Debug;
		};
		4E26CBB32307D9E20044C2DF /* Release */ = {
			isa = XCBuildConfiguration;
			baseConfigurationReference = 3597289F820EB4E4B7938D29 /* Pods-MuniMobileUITests.release.xcconfig */;
			buildSettings = {
				ALWAYS_EMBED_SWIFT_STANDARD_LIBRARIES = YES;
				CODE_SIGN_STYLE = Automatic;
				INFOPLIST_FILE = MuniMobileUITests/Info.plist;
				LD_RUNPATH_SEARCH_PATHS = (
					"$(inherited)",
					"@executable_path/Frameworks",
					"@loader_path/Frameworks",
				);
				PRODUCT_BUNDLE_IDENTIFIER = Jangey.MuniMobileUITests;
				PRODUCT_NAME = "$(TARGET_NAME)";
				SWIFT_VERSION = 5.0;
				TARGETED_DEVICE_FAMILY = "1,2";
				TEST_TARGET_NAME = MuniMobile;
			};
			name = Release;
		};
/* End XCBuildConfiguration section */

/* Begin XCConfigurationList section */
		4E26CB7E2307D9E10044C2DF /* Build configuration list for PBXProject "MuniMobile" */ = {
			isa = XCConfigurationList;
			buildConfigurations = (
				4E26CBA92307D9E20044C2DF /* Debug */,
				4E26CBAA2307D9E20044C2DF /* Release */,
			);
			defaultConfigurationIsVisible = 0;
			defaultConfigurationName = Release;
		};
		4E26CBAB2307D9E20044C2DF /* Build configuration list for PBXNativeTarget "MuniMobile" */ = {
			isa = XCConfigurationList;
			buildConfigurations = (
				4E26CBAC2307D9E20044C2DF /* Debug */,
				4E26CBAD2307D9E20044C2DF /* Release */,
			);
			defaultConfigurationIsVisible = 0;
			defaultConfigurationName = Release;
		};
		4E26CBAE2307D9E20044C2DF /* Build configuration list for PBXNativeTarget "MuniMobileTests" */ = {
			isa = XCConfigurationList;
			buildConfigurations = (
				4E26CBAF2307D9E20044C2DF /* Debug */,
				4E26CBB02307D9E20044C2DF /* Release */,
			);
			defaultConfigurationIsVisible = 0;
			defaultConfigurationName = Release;
		};
		4E26CBB12307D9E20044C2DF /* Build configuration list for PBXNativeTarget "MuniMobileUITests" */ = {
			isa = XCConfigurationList;
			buildConfigurations = (
				4E26CBB22307D9E20044C2DF /* Debug */,
				4E26CBB32307D9E20044C2DF /* Release */,
			);
			defaultConfigurationIsVisible = 0;
			defaultConfigurationName = Release;
		};
/* End XCConfigurationList section */
	};
	rootObject = 4E26CB7B2307D9E10044C2DF /* Project object */;
}
